
Microsoft Visual Studio Solution File, Format Version 12.00
# Visual Studio Version 16
VisualStudioVersion = 25.0.1705.3
MinimumVisualStudioVersion = 10.0.40219.1
Project("{FAE04EC0-301F-11D3-BF4B-00C04F79EFBC}") = "StudentsApp", "StudentsApp\StudentsApp.csproj", "{939248CA-4499-4DDA-9A4E-76CDC421765B}"
EndProject
Global
	GlobalSection(SolutionConfigurationPlatforms) = preSolution
		Debug|Any CPU = Debug|Any CPU
		Release|Any CPU = Release|Any CPU
	EndGlobalSection
	GlobalSection(ProjectConfigurationPlatforms) = postSolution
		{939248CA-4499-4DDA-9A4E-76CDC421765B}.Debug|Any CPU.ActiveCfg = Debug|Any CPU
		{939248CA-4499-4DDA-9A4E-76CDC421765B}.Debug|Any CPU.Build.0 = Debug|Any CPU
		{939248CA-4499-4DDA-9A4E-76CDC421765B}.Release|Any CPU.ActiveCfg = Release|Any CPU
		{939248CA-4499-4DDA-9A4E-76CDC421765B}.Release|Any CPU.Build.0 = Release|Any CPU
	EndGlobalSection
	GlobalSection(SolutionProperties) = preSolution
		HideSolutionNode = FALSE
	EndGlobalSection
	GlobalSection(ExtensibilityGlobals) = postSolution
		SolutionGuid = {FFFC75A4-39DA-4182-B7A0-77E974549044}
	EndGlobalSection
EndGlobal
